
Microsoft Visual Studio Solution File, Format Version 12.00
# Visual Studio Version 17
VisualStudioVersion = 17.1.32421.90
MinimumVisualStudioVersion = 10.0.40219.1
Project("{FAE04EC0-301F-11D3-BF4B-00C04F79EFBC}") = "DefinitionQuery", "DefinitionQuery\DefinitionQuery.csproj", "{65A6DD48-DE32-49B1-9319-4E75B2BC5606}"
EndProject
Global
	GlobalSection(SolutionConfigurationPlatforms) = preSolution
		Debug|Any CPU = Debug|Any CPU
		Release|Any CPU = Release|Any CPU
	EndGlobalSection
	GlobalSection(ProjectConfigurationPlatforms) = postSolution
		{65A6DD48-DE32-49B1-9319-4E75B2BC5606}.Debug|Any CPU.ActiveCfg = Debug|Any CPU
		{65A6DD48-DE32-49B1-9319-4E75B2BC5606}.Debug|Any CPU.Build.0 = Debug|Any CPU
		{65A6DD48-DE32-49B1-9319-4E75B2BC5606}.Release|Any CPU.ActiveCfg = Release|Any CPU
		{65A6DD48-DE32-49B1-9319-4E75B2BC5606}.Release|Any CPU.Build.0 = Release|Any CPU
	EndGlobalSection
	GlobalSection(SolutionProperties) = preSolution
		HideSolutionNode = FALSE
	EndGlobalSection
	GlobalSection(ExtensibilityGlobals) = postSolution
		SolutionGuid = {9B43D84F-4640-47BE-B409-609EA1CC8416}
	EndGlobalSection
EndGlobal
